
Microsoft Visual Studio Solution File, Format Version 12.00
# Visual Studio Version 17
VisualStudioVersion = 17.8.34322.80
MinimumVisualStudioVersion = 10.0.40219.1
Project("{FAE04EC0-301F-11D3-BF4B-00C04F79EFBC}") = "SpeedTOHAPI", "SpeedTOHAPI\SpeedTOHAPI.csproj", "{F823B060-68CC-4FFF-A3D6-7F1A483A9E27}"
EndProject
Global
	GlobalSection(SolutionConfigurationPlatforms) = preSolution
		Debug|Any CPU = Debug|Any CPU
		Release|Any CPU = Release|Any CPU
	EndGlobalSection
	GlobalSection(ProjectConfigurationPlatforms) = postSolution
		{F823B060-68CC-4FFF-A3D6-7F1A483A9E27}.Debug|Any CPU.ActiveCfg = Debug|Any CPU
		{F823B060-68CC-4FFF-A3D6-7F1A483A9E27}.Debug|Any CPU.Build.0 = Debug|Any CPU
		{F823B060-68CC-4FFF-A3D6-7F1A483A9E27}.Release|Any CPU.ActiveCfg = Release|Any CPU
		{F823B060-68CC-4FFF-A3D6-7F1A483A9E27}.Release|Any CPU.Build.0 = Release|Any CPU
	EndGlobalSection
	GlobalSection(SolutionProperties) = preSolution
		HideSolutionNode = FALSE
	EndGlobalSection
	GlobalSection(ExtensibilityGlobals) = postSolution
		SolutionGuid = {11A6FCB2-B4CC-44CA-AEFA-0ABDF1DF47DD}
	EndGlobalSection
EndGlobal
